# This file is automatically @generated by Wally.
# It is not intended for manual editing.
registry = "test"

[[package]]
name = "red-blox/ratelimit"
version = "1.0.1"
dependencies = []

[[package]]
name = "tijne/chatbot-engine"
version = "0.1.0"
dependencies = [["ratelimit", "red-blox/ratelimit@1.0.1"]]
